
Microsoft Visual Studio Solution File, Format Version 12.00
# Visual Studio Version 17
VisualStudioVersion = 17.14.36717.8
MinimumVisualStudioVersion = 10.0.40219.1
Project("{FAE04EC0-301F-11D3-BF4B-00C04F79EFBC}") = "21Demo_ObserverPattern", "21Demo_ObserverPattern\21Demo_ObserverPattern.csproj", "{47EB68C1-C2D5-4DA0-B818-18F0F3350F8D}"
EndProject
Project("{FAE04EC0-301F-11D3-BF4B-00C04F79EFBC}") = "22Demo_Collection", "22Demo_Collection\22Demo_Collection.csproj", "{29C79BE3-A5EE-4A04-B216-A3C6C69007A9}"
EndProject
Project("{FAE04EC0-301F-11D3-BF4B-00C04F79EFBC}") = "23Demo_Generic", "23Demo_Generic\23Demo_Generic.csproj", "{2F9F4928-083E-4CB1-A5F7-5DAA78B5EE3B}"
EndProject
Project("{FAE04EC0-301F-11D3-BF4B-00C04F79EFBC}") = "24Demo_GenericCollections", "24Demo_GenericCollections\24Demo_GenericCollections.csproj", "{F2FCDB2C-6419-4BF9-97AB-3A1F90188C4B}"
EndProject
Project("{FAE04EC0-301F-11D3-BF4B-00C04F79EFBC}") = "25Demo_GenericDelegate", "25Demo_GenericDelegate\25Demo_GenericDelegate.csproj", "{9476293F-153E-486B-8370-B1F2D539949A}"
EndProject
Project("{FAE04EC0-301F-11D3-BF4B-00C04F79EFBC}") = "Swapping Demo", "Swapping Demo\Swapping Demo.csproj", "{BB75CBF5-ED49-4F90-B0FA-5364AF2D9682}"
EndProject
Global
	GlobalSection(SolutionConfigurationPlatforms) = preSolution
		Debug|Any CPU = Debug|Any CPU
		Release|Any CPU = Release|Any CPU
	EndGlobalSection
	GlobalSection(ProjectConfigurationPlatforms) = postSolution
		{47EB68C1-C2D5-4DA0-B818-18F0F3350F8D}.Debug|Any CPU.ActiveCfg = Debug|Any CPU
		{47EB68C1-C2D5-4DA0-B818-18F0F3350F8D}.Debug|Any CPU.Build.0 = Debug|Any CPU
		{47EB68C1-C2D5-4DA0-B818-18F0F3350F8D}.Release|Any CPU.ActiveCfg = Release|Any CPU
		{47EB68C1-C2D5-4DA0-B818-18F0F3350F8D}.Release|Any CPU.Build.0 = Release|Any CPU
		{29C79BE3-A5EE-4A04-B216-A3C6C69007A9}.Debug|Any CPU.ActiveCfg = Debug|Any CPU
		{29C79BE3-A5EE-4A04-B216-A3C6C69007A9}.Debug|Any CPU.Build.0 = Debug|Any CPU
		{29C79BE3-A5EE-4A04-B216-A3C6C69007A9}.Release|Any CPU.ActiveCfg = Release|Any CPU
		{29C79BE3-A5EE-4A04-B216-A3C6C69007A9}.Release|Any CPU.Build.0 = Release|Any CPU
		{2F9F4928-083E-4CB1-A5F7-5DAA78B5EE3B}.Debug|Any CPU.ActiveCfg = Debug|Any CPU
		{2F9F4928-083E-4CB1-A5F7-5DAA78B5EE3B}.Debug|Any CPU.Build.0 = Debug|Any CPU
		{2F9F4928-083E-4CB1-A5F7-5DAA78B5EE3B}.Release|Any CPU.ActiveCfg = Release|Any CPU
		{2F9F4928-083E-4CB1-A5F7-5DAA78B5EE3B}.Release|Any CPU.Build.0 = Release|Any CPU
		{F2FCDB2C-6419-4BF9-97AB-3A1F90188C4B}.Debug|Any CPU.ActiveCfg = Debug|Any CPU
		{F2FCDB2C-6419-4BF9-97AB-3A1F90188C4B}.Debug|Any CPU.Build.0 = Debug|Any CPU
		{F2FCDB2C-6419-4BF9-97AB-3A1F90188C4B}.Release|Any CPU.ActiveCfg = Release|Any CPU
		{F2FCDB2C-6419-4BF9-97AB-3A1F90188C4B}.Release|Any CPU.Build.0 = Release|Any CPU
		{9476293F-153E-486B-8370-B1F2D539949A}.Debug|Any CPU.ActiveCfg = Debug|Any CPU
		{9476293F-153E-486B-8370-B1F2D539949A}.Debug|Any CPU.Build.0 = Debug|Any CPU
		{9476293F-153E-486B-8370-B1F2D539949A}.Release|Any CPU.ActiveCfg = Release|Any CPU
		{9476293F-153E-486B-8370-B1F2D539949A}.Release|Any CPU.Build.0 = Release|Any CPU
		{BB75CBF5-ED49-4F90-B0FA-5364AF2D9682}.Debug|Any CPU.ActiveCfg = Debug|Any CPU
		{BB75CBF5-ED49-4F90-B0FA-5364AF2D9682}.Debug|Any CPU.Build.0 = Debug|Any CPU
		{BB75CBF5-ED49-4F90-B0FA-5364AF2D9682}.Release|Any CPU.ActiveCfg = Release|Any CPU
		{BB75CBF5-ED49-4F90-B0FA-5364AF2D9682}.Release|Any CPU.Build.0 = Release|Any CPU
	EndGlobalSection
	GlobalSection(SolutionProperties) = preSolution
		HideSolutionNode = FALSE
	EndGlobalSection
	GlobalSection(ExtensibilityGlobals) = postSolution
		SolutionGuid = {131DBF0C-6036-4772-966A-11E5358F4398}
	EndGlobalSection
EndGlobal
